// !$*UTF8*$!
{
	archiveVersion = 1;
	classes = {
	};
	objectVersion = 51;
	objects = {

/* Begin PBXBuildFile section */
		C33A5C8D233EC0C500AD266D /* input.xcfilelist in Resources */ = {isa = PBXBuildFile; fileRef = C33A5C8C233EC0C500AD266D /* input.xcfilelist */; };
		C33A5C8F233EC0DF00AD266D /* output.xcfilelist in Resources */ = {isa = PBXBuildFile; fileRef = C33A5C8E233EC0DF00AD266D /* output.xcfilelist */; };
		C33A5C91233EC0FF00AD266D /* .swiftlint.yml in Resources */ = {isa = PBXBuildFile; fileRef = C33A5C90233EC0FF00AD266D /* .swiftlint.yml */; };
		C33A5C93233EC11E00AD266D /* .swiftgen.yml in Resources */ = {isa = PBXBuildFile; fileRef = C33A5C92233EC11E00AD266D /* .swiftgen.yml */; };
		C35408C9233F73CA009F3579 /* ServiceLayer.swift in Sources */ = {isa = PBXBuildFile; fileRef = C35408C8233F73CA009F3579 /* ServiceLayer.swift */; };
		C35408CB233F74DB009F3579 /* KeyboardDelegate.swift in Sources */ = {isa = PBXBuildFile; fileRef = C35408CA233F74DB009F3579 /* KeyboardDelegate.swift */; };
		C35408CE233F7575009F3579 /* AuthController+KeyboardDelegate.swift in Sources */ = {isa = PBXBuildFile; fileRef = C35408CC233F7557009F3579 /* AuthController+KeyboardDelegate.swift */; };
		C35408D4233F999B009F3579 /* DiscoverController.swift in Sources */ = {isa = PBXBuildFile; fileRef = C35408D2233F9886009F3579 /* DiscoverController.swift */; };
		C35408D7233F9D5E009F3579 /* DiscoverNode.swift in Sources */ = {isa = PBXBuildFile; fileRef = C35408D5233F9D30009F3579 /* DiscoverNode.swift */; };
		C35947D6233EC23600DB6AC4 /* Assets.h in Headers */ = {isa = PBXBuildFile; fileRef = C35947D4233EC23600DB6AC4 /* Assets.h */; settings = {ATTRIBUTES = (Public, ); }; };
		C35947D9233EC23600DB6AC4 /* Assets.framework in Frameworks */ = {isa = PBXBuildFile; fileRef = C35947D2233EC23600DB6AC4 /* Assets.framework */; };
		C35947DA233EC23600DB6AC4 /* Assets.framework in Embed Frameworks */ = {isa = PBXBuildFile; fileRef = C35947D2233EC23600DB6AC4 /* Assets.framework */; settings = {ATTRIBUTES = (CodeSignOnCopy, RemoveHeadersOnCopy, ); }; };
		C35947E1233EC30A00DB6AC4 /* Auth.xcassets in Resources */ = {isa = PBXBuildFile; fileRef = C35947E0233EC30A00DB6AC4 /* Auth.xcassets */; };
		C35947E3233EC3BD00DB6AC4 /* Assets.swift in Sources */ = {isa = PBXBuildFile; fileRef = C35947E2233EC3BD00DB6AC4 /* Assets.swift */; };
		C35947ED233ECB4900DB6AC4 /* UI.h in Headers */ = {isa = PBXBuildFile; fileRef = C35947EB233ECB4900DB6AC4 /* UI.h */; settings = {ATTRIBUTES = (Public, ); }; };
		C35947F0233ECB4900DB6AC4 /* UI.framework in Frameworks */ = {isa = PBXBuildFile; fileRef = C35947E9233ECB4900DB6AC4 /* UI.framework */; };
		C35947F1233ECB4900DB6AC4 /* UI.framework in Embed Frameworks */ = {isa = PBXBuildFile; fileRef = C35947E9233ECB4900DB6AC4 /* UI.framework */; settings = {ATTRIBUTES = (CodeSignOnCopy, RemoveHeadersOnCopy, ); }; };
		C35947F6233ECD3A00DB6AC4 /* Shadow.swift in Sources */ = {isa = PBXBuildFile; fileRef = C35947F5233ECD3A00DB6AC4 /* Shadow.swift */; };
		C35947F8233ECD5B00DB6AC4 /* Border.swift in Sources */ = {isa = PBXBuildFile; fileRef = C35947F7233ECD5B00DB6AC4 /* Border.swift */; };
		C35947FB233ECDE400DB6AC4 /* Spacer.swift in Sources */ = {isa = PBXBuildFile; fileRef = C35947FA233ECDE400DB6AC4 /* Spacer.swift */; };
		C35947FD233ECE7500DB6AC4 /* HorizontalStack.swift in Sources */ = {isa = PBXBuildFile; fileRef = C35947FC233ECE7500DB6AC4 /* HorizontalStack.swift */; };
		C35947FF233ECEAF00DB6AC4 /* VerticalStack.swift in Sources */ = {isa = PBXBuildFile; fileRef = C35947FE233ECEAF00DB6AC4 /* VerticalStack.swift */; };
		C3594802233ECF5600DB6AC4 /* ASDisplayNode.swift in Sources */ = {isa = PBXBuildFile; fileRef = C3594801233ECF5600DB6AC4 /* ASDisplayNode.swift */; };
		C359487E233EDC5300DB6AC4 /* AuthController.swift in Sources */ = {isa = PBXBuildFile; fileRef = C359487C233EDC1600DB6AC4 /* AuthController.swift */; };
		C3594882233F192000DB6AC4 /* TextNode.swift in Sources */ = {isa = PBXBuildFile; fileRef = C3594881233F192000DB6AC4 /* TextNode.swift */; };
		C3594885233F199A00DB6AC4 /* TextAttributes.swift in Sources */ = {isa = PBXBuildFile; fileRef = C3594884233F199A00DB6AC4 /* TextAttributes.swift */; };
		C3594887233F19DD00DB6AC4 /* TextFieldNode.swift in Sources */ = {isa = PBXBuildFile; fileRef = C3594886233F19DD00DB6AC4 /* TextFieldNode.swift */; };
		C3594889233F1A1400DB6AC4 /* TextFieldNode+ASEditableTextNodeDelegate.swift in Sources */ = {isa = PBXBuildFile; fileRef = C3594888233F1A1400DB6AC4 /* TextFieldNode+ASEditableTextNodeDelegate.swift */; };
		C359488B233F1B4800DB6AC4 /* UIScrollViewDelegate.swift in Sources */ = {isa = PBXBuildFile; fileRef = C359488A233F1B4800DB6AC4 /* UIScrollViewDelegate.swift */; };
		C359488F233F1DEC00DB6AC4 /* AuthNode.swift in Sources */ = {isa = PBXBuildFile; fileRef = C359488E233F1DEC00DB6AC4 /* AuthNode.swift */; };
		C3594891233F229C00DB6AC4 /* AuthNode+Layout.swift in Sources */ = {isa = PBXBuildFile; fileRef = C3594890233F229C00DB6AC4 /* AuthNode+Layout.swift */; };
		C3594893233F3DB600DB6AC4 /* AuthSignInNode.swift in Sources */ = {isa = PBXBuildFile; fileRef = C3594892233F3DB600DB6AC4 /* AuthSignInNode.swift */; };
		C3594895233F3EE200DB6AC4 /* AuthSignInNode+Layout.swift in Sources */ = {isa = PBXBuildFile; fileRef = C3594894233F3EE200DB6AC4 /* AuthSignInNode+Layout.swift */; };
		C3594897233F4EBD00DB6AC4 /* ButtonNode.swift in Sources */ = {isa = PBXBuildFile; fileRef = C3594896233F4EBD00DB6AC4 /* ButtonNode.swift */; };
		C359489B233F4F5200DB6AC4 /* ButtonDelegate.swift in Sources */ = {isa = PBXBuildFile; fileRef = C359489A233F4F5200DB6AC4 /* ButtonDelegate.swift */; };
		C359489D233F4FB700DB6AC4 /* TargetClosure.swift in Sources */ = {isa = PBXBuildFile; fileRef = C359489C233F4FB700DB6AC4 /* TargetClosure.swift */; };
		C3642F41233EBC8200CF3DB9 /* AppDelegate.swift in Sources */ = {isa = PBXBuildFile; fileRef = C3642F40233EBC8200CF3DB9 /* AppDelegate.swift */; };
		C3642F4D233EBC8500CF3DB9 /* LaunchScreen.storyboard in Resources */ = {isa = PBXBuildFile; fileRef = C3642F4B233EBC8500CF3DB9 /* LaunchScreen.storyboard */; };
/* End PBXBuildFile section */

/* Begin PBXContainerItemProxy section */
		C35947D7233EC23600DB6AC4 /* PBXContainerItemProxy */ = {
			isa = PBXContainerItemProxy;
			containerPortal = C3642F35233EBC8200CF3DB9 /* Project object */;
			proxyType = 1;
			remoteGlobalIDString = C35947D1233EC23600DB6AC4;
			remoteInfo = Assets;
		};
		C35947EE233ECB4900DB6AC4 /* PBXContainerItemProxy */ = {
			isa = PBXContainerItemProxy;
			containerPortal = C3642F35233EBC8200CF3DB9 /* Project object */;
			proxyType = 1;
			remoteGlobalIDString = C35947E8233ECB4900DB6AC4;
			remoteInfo = UI;
		};
/* End PBXContainerItemProxy section */

/* Begin PBXCopyFilesBuildPhase section */
		C35947DE233EC23600DB6AC4 /* Embed Frameworks */ = {
			isa = PBXCopyFilesBuildPhase;
			buildActionMask = 2147483647;
			dstPath = "";
			dstSubfolderSpec = 10;
			files = (
				C35947F1233ECB4900DB6AC4 /* UI.framework in Embed Frameworks */,
				C35947DA233EC23600DB6AC4 /* Assets.framework in Embed Frameworks */,
			);
			name = "Embed Frameworks";
			runOnlyForDeploymentPostprocessing = 0;
		};
/* End PBXCopyFilesBuildPhase section */

/* Begin PBXFileReference section */
		C33A5C8C233EC0C500AD266D /* input.xcfilelist */ = {isa = PBXFileReference; lastKnownFileType = text.xcfilelist; path = input.xcfilelist; sourceTree = "<group>"; };
		C33A5C8E233EC0DF00AD266D /* output.xcfilelist */ = {isa = PBXFileReference; lastKnownFileType = text.xcfilelist; path = output.xcfilelist; sourceTree = "<group>"; };
		C33A5C90233EC0FF00AD266D /* .swiftlint.yml */ = {isa = PBXFileReference; lastKnownFileType = text.yaml; path = .swiftlint.yml; sourceTree = "<group>"; };
		C33A5C92233EC11E00AD266D /* .swiftgen.yml */ = {isa = PBXFileReference; lastKnownFileType = text.yaml; path = .swiftgen.yml; sourceTree = "<group>"; };
		C35408C8233F73CA009F3579 /* ServiceLayer.swift */ = {isa = PBXFileReference; lastKnownFileType = sourcecode.swift; path = ServiceLayer.swift; sourceTree = "<group>"; };
		C35408CA233F74DB009F3579 /* KeyboardDelegate.swift */ = {isa = PBXFileReference; lastKnownFileType = sourcecode.swift; path = KeyboardDelegate.swift; sourceTree = "<group>"; };
		C35408CC233F7557009F3579 /* AuthController+KeyboardDelegate.swift */ = {isa = PBXFileReference; lastKnownFileType = sourcecode.swift; path = "AuthController+KeyboardDelegate.swift"; sourceTree = "<group>"; };
		C35408D2233F9886009F3579 /* DiscoverController.swift */ = {isa = PBXFileReference; lastKnownFileType = sourcecode.swift; path = DiscoverController.swift; sourceTree = "<group>"; };
		C35408D5233F9D30009F3579 /* DiscoverNode.swift */ = {isa = PBXFileReference; lastKnownFileType = sourcecode.swift; path = DiscoverNode.swift; sourceTree = "<group>"; };
		C35947D2233EC23600DB6AC4 /* Assets.framework */ = {isa = PBXFileReference; explicitFileType = wrapper.framework; includeInIndex = 0; path = Assets.framework; sourceTree = BUILT_PRODUCTS_DIR; };
		C35947D4233EC23600DB6AC4 /* Assets.h */ = {isa = PBXFileReference; lastKnownFileType = sourcecode.c.h; path = Assets.h; sourceTree = "<group>"; };
		C35947D5233EC23600DB6AC4 /* Info.plist */ = {isa = PBXFileReference; lastKnownFileType = text.plist.xml; path = Info.plist; sourceTree = "<group>"; };
		C35947E0233EC30A00DB6AC4 /* Auth.xcassets */ = {isa = PBXFileReference; lastKnownFileType = folder.assetcatalog; path = Auth.xcassets; sourceTree = "<group>"; };
		C35947E2233EC3BD00DB6AC4 /* Assets.swift */ = {isa = PBXFileReference; fileEncoding = 4; lastKnownFileType = sourcecode.swift; path = Assets.swift; sourceTree = "<group>"; };
		C35947E9233ECB4900DB6AC4 /* UI.framework */ = {isa = PBXFileReference; explicitFileType = wrapper.framework; includeInIndex = 0; path = UI.framework; sourceTree = BUILT_PRODUCTS_DIR; };
		C35947EB233ECB4900DB6AC4 /* UI.h */ = {isa = PBXFileReference; lastKnownFileType = sourcecode.c.h; path = UI.h; sourceTree = "<group>"; };
		C35947EC233ECB4900DB6AC4 /* Info.plist */ = {isa = PBXFileReference; lastKnownFileType = text.plist.xml; path = Info.plist; sourceTree = "<group>"; };
		C35947F5233ECD3A00DB6AC4 /* Shadow.swift */ = {isa = PBXFileReference; lastKnownFileType = sourcecode.swift; path = Shadow.swift; sourceTree = "<group>"; };
		C35947F7233ECD5B00DB6AC4 /* Border.swift */ = {isa = PBXFileReference; lastKnownFileType = sourcecode.swift; path = Border.swift; sourceTree = "<group>"; };
		C35947FA233ECDE400DB6AC4 /* Spacer.swift */ = {isa = PBXFileReference; lastKnownFileType = sourcecode.swift; path = Spacer.swift; sourceTree = "<group>"; };
		C35947FC233ECE7500DB6AC4 /* HorizontalStack.swift */ = {isa = PBXFileReference; lastKnownFileType = sourcecode.swift; path = HorizontalStack.swift; sourceTree = "<group>"; };
		C35947FE233ECEAF00DB6AC4 /* VerticalStack.swift */ = {isa = PBXFileReference; lastKnownFileType = sourcecode.swift; path = VerticalStack.swift; sourceTree = "<group>"; };
		C3594801233ECF5600DB6AC4 /* ASDisplayNode.swift */ = {isa = PBXFileReference; lastKnownFileType = sourcecode.swift; path = ASDisplayNode.swift; sourceTree = "<group>"; };
		C359487C233EDC1600DB6AC4 /* AuthController.swift */ = {isa = PBXFileReference; lastKnownFileType = sourcecode.swift; path = AuthController.swift; sourceTree = "<group>"; };
		C3594881233F192000DB6AC4 /* TextNode.swift */ = {isa = PBXFileReference; lastKnownFileType = sourcecode.swift; path = TextNode.swift; sourceTree = "<group>"; };
		C3594884233F199A00DB6AC4 /* TextAttributes.swift */ = {isa = PBXFileReference; lastKnownFileType = sourcecode.swift; path = TextAttributes.swift; sourceTree = "<group>"; };
		C3594886233F19DD00DB6AC4 /* TextFieldNode.swift */ = {isa = PBXFileReference; lastKnownFileType = sourcecode.swift; path = TextFieldNode.swift; sourceTree = "<group>"; };
		C3594888233F1A1400DB6AC4 /* TextFieldNode+ASEditableTextNodeDelegate.swift */ = {isa = PBXFileReference; lastKnownFileType = sourcecode.swift; path = "TextFieldNode+ASEditableTextNodeDelegate.swift"; sourceTree = "<group>"; };
		C359488A233F1B4800DB6AC4 /* UIScrollViewDelegate.swift */ = {isa = PBXFileReference; lastKnownFileType = sourcecode.swift; path = UIScrollViewDelegate.swift; sourceTree = "<group>"; };
		C359488E233F1DEC00DB6AC4 /* AuthNode.swift */ = {isa = PBXFileReference; lastKnownFileType = sourcecode.swift; path = AuthNode.swift; sourceTree = "<group>"; };
		C3594890233F229C00DB6AC4 /* AuthNode+Layout.swift */ = {isa = PBXFileReference; lastKnownFileType = sourcecode.swift; path = "AuthNode+Layout.swift"; sourceTree = "<group>"; };
		C3594892233F3DB600DB6AC4 /* AuthSignInNode.swift */ = {isa = PBXFileReference; lastKnownFileType = sourcecode.swift; path = AuthSignInNode.swift; sourceTree = "<group>"; };
		C3594894233F3EE200DB6AC4 /* AuthSignInNode+Layout.swift */ = {isa = PBXFileReference; lastKnownFileType = sourcecode.swift; path = "AuthSignInNode+Layout.swift"; sourceTree = "<group>"; };
		C3594896233F4EBD00DB6AC4 /* ButtonNode.swift */ = {isa = PBXFileReference; lastKnownFileType = sourcecode.swift; path = ButtonNode.swift; sourceTree = "<group>"; };
		C359489A233F4F5200DB6AC4 /* ButtonDelegate.swift */ = {isa = PBXFileReference; lastKnownFileType = sourcecode.swift; path = ButtonDelegate.swift; sourceTree = "<group>"; };
		C359489C233F4FB700DB6AC4 /* TargetClosure.swift */ = {isa = PBXFileReference; lastKnownFileType = sourcecode.swift; path = TargetClosure.swift; sourceTree = "<group>"; };
		C3642F3D233EBC8200CF3DB9 /* Turismus.app */ = {isa = PBXFileReference; explicitFileType = wrapper.application; includeInIndex = 0; path = Turismus.app; sourceTree = BUILT_PRODUCTS_DIR; };
		C3642F40233EBC8200CF3DB9 /* AppDelegate.swift */ = {isa = PBXFileReference; lastKnownFileType = sourcecode.swift; path = AppDelegate.swift; sourceTree = "<group>"; };
		C3642F4C233EBC8500CF3DB9 /* Base */ = {isa = PBXFileReference; lastKnownFileType = file.storyboard; name = Base; path = Base.lproj/LaunchScreen.storyboard; sourceTree = "<group>"; };
		C3642F4E233EBC8500CF3DB9 /* Info.plist */ = {isa = PBXFileReference; lastKnownFileType = text.plist.xml; path = Info.plist; sourceTree = "<group>"; };
/* End PBXFileReference section */

/* Begin PBXFrameworksBuildPhase section */
		C35947CF233EC23600DB6AC4 /* Frameworks */ = {
			isa = PBXFrameworksBuildPhase;
			buildActionMask = 2147483647;
			files = (
			);
			runOnlyForDeploymentPostprocessing = 0;
		};
		C35947E6233ECB4900DB6AC4 /* Frameworks */ = {
			isa = PBXFrameworksBuildPhase;
			buildActionMask = 2147483647;
			files = (
			);
			runOnlyForDeploymentPostprocessing = 0;
		};
		C3642F3A233EBC8200CF3DB9 /* Frameworks */ = {
			isa = PBXFrameworksBuildPhase;
			buildActionMask = 2147483647;
			files = (
				C35947F0233ECB4900DB6AC4 /* UI.framework in Frameworks */,
				C35947D9233EC23600DB6AC4 /* Assets.framework in Frameworks */,
			);
			runOnlyForDeploymentPostprocessing = 0;
		};
/* End PBXFrameworksBuildPhase section */

/* Begin PBXGroup section */
		C35408C7233F73BB009F3579 /* Service */ = {
			isa = PBXGroup;
			children = (
				C35408C8233F73CA009F3579 /* ServiceLayer.swift */,
				C35408CF233F798E009F3579 /* Network */,
			);
			path = Service;
			sourceTree = "<group>";
		};
		C35408CF233F798E009F3579 /* Network */ = {
			isa = PBXGroup;
			children = (
				C35408D0233F799E009F3579 /* Entities */,
			);
			path = Network;
			sourceTree = "<group>";
		};
		C35408D0233F799E009F3579 /* Entities */ = {
			isa = PBXGroup;
			children = (
			);
			path = Entities;
			sourceTree = "<group>";
		};
		C35408D1233F9780009F3579 /* Discover */ = {
			isa = PBXGroup;
			children = (
				C35408D2233F9886009F3579 /* DiscoverController.swift */,
				C35408D5233F9D30009F3579 /* DiscoverNode.swift */,
			);
			path = Discover;
			sourceTree = "<group>";
		};
		C35947D3233EC23600DB6AC4 /* Assets */ = {
			isa = PBXGroup;
			children = (
				C35947E2233EC3BD00DB6AC4 /* Assets.swift */,
				C35947E0233EC30A00DB6AC4 /* Auth.xcassets */,
				C35947D4233EC23600DB6AC4 /* Assets.h */,
				C35947D5233EC23600DB6AC4 /* Info.plist */,
			);
			path = Assets;
			sourceTree = "<group>";
		};
		C35947EA233ECB4900DB6AC4 /* UI */ = {
			isa = PBXGroup;
			children = (
				C35947F9233ECDD200DB6AC4 /* LayoutSpecs */,
				C3594880233F180300DB6AC4 /* LayoutElements */,
				C3594800233ECF3100DB6AC4 /* Extensions */,
				C35947F5233ECD3A00DB6AC4 /* Shadow.swift */,
				C35947F7233ECD5B00DB6AC4 /* Border.swift */,
				C35947EB233ECB4900DB6AC4 /* UI.h */,
				C35947EC233ECB4900DB6AC4 /* Info.plist */,
			);
			path = UI;
			sourceTree = "<group>";
		};
		C35947F9233ECDD200DB6AC4 /* LayoutSpecs */ = {
			isa = PBXGroup;
			children = (
				C35947FA233ECDE400DB6AC4 /* Spacer.swift */,
				C35947FC233ECE7500DB6AC4 /* HorizontalStack.swift */,
				C35947FE233ECEAF00DB6AC4 /* VerticalStack.swift */,
			);
			path = LayoutSpecs;
			sourceTree = "<group>";
		};
		C3594800233ECF3100DB6AC4 /* Extensions */ = {
			isa = PBXGroup;
			children = (
				C3594801233ECF5600DB6AC4 /* ASDisplayNode.swift */,
				C359488A233F1B4800DB6AC4 /* UIScrollViewDelegate.swift */,
				C359489C233F4FB700DB6AC4 /* TargetClosure.swift */,
				C35408CA233F74DB009F3579 /* KeyboardDelegate.swift */,
			);
			path = Extensions;
			sourceTree = "<group>";
		};
		C3594870233EDB4800DB6AC4 /* Frameworks */ = {
			isa = PBXGroup;
			children = (
			);
			name = Frameworks;
			sourceTree = "<group>";
		};
		C359487B233EDC0800DB6AC4 /* Auth */ = {
			isa = PBXGroup;
			children = (
				C359487C233EDC1600DB6AC4 /* AuthController.swift */,
				C35408CC233F7557009F3579 /* AuthController+KeyboardDelegate.swift */,
				C359488E233F1DEC00DB6AC4 /* AuthNode.swift */,
				C3594890233F229C00DB6AC4 /* AuthNode+Layout.swift */,
				C35948A0233F6BFB00DB6AC4 /* SignIn */,
			);
			path = Auth;
			sourceTree = "<group>";
		};
		C3594880233F180300DB6AC4 /* LayoutElements */ = {
			isa = PBXGroup;
			children = (
				C3594883233F197D00DB6AC4 /* Text */,
				C3594896233F4EBD00DB6AC4 /* ButtonNode.swift */,
				C359489A233F4F5200DB6AC4 /* ButtonDelegate.swift */,
			);
			path = LayoutElements;
			sourceTree = "<group>";
		};
		C3594883233F197D00DB6AC4 /* Text */ = {
			isa = PBXGroup;
			children = (
				C3594881233F192000DB6AC4 /* TextNode.swift */,
				C3594886233F19DD00DB6AC4 /* TextFieldNode.swift */,
				C3594888233F1A1400DB6AC4 /* TextFieldNode+ASEditableTextNodeDelegate.swift */,
				C3594884233F199A00DB6AC4 /* TextAttributes.swift */,
			);
			path = Text;
			sourceTree = "<group>";
		};
		C35948A0233F6BFB00DB6AC4 /* SignIn */ = {
			isa = PBXGroup;
			children = (
				C3594892233F3DB600DB6AC4 /* AuthSignInNode.swift */,
				C3594894233F3EE200DB6AC4 /* AuthSignInNode+Layout.swift */,
			);
			path = SignIn;
			sourceTree = "<group>";
		};
		C3642F34233EBC8200CF3DB9 = {
			isa = PBXGroup;
			children = (
				C35408C7233F73BB009F3579 /* Service */,
				C359487B233EDC0800DB6AC4 /* Auth */,
				C35408D1233F9780009F3579 /* Discover */,
				C3642F3F233EBC8200CF3DB9 /* Base */,
				C35947D3233EC23600DB6AC4 /* Assets */,
				C35947EA233ECB4900DB6AC4 /* UI */,
				C33A5C90233EC0FF00AD266D /* .swiftlint.yml */,
				C33A5C92233EC11E00AD266D /* .swiftgen.yml */,
				C33A5C8C233EC0C500AD266D /* input.xcfilelist */,
				C33A5C8E233EC0DF00AD266D /* output.xcfilelist */,
				C3642F3E233EBC8200CF3DB9 /* Products */,
				C3594870233EDB4800DB6AC4 /* Frameworks */,
			);
			sourceTree = "<group>";
		};
		C3642F3E233EBC8200CF3DB9 /* Products */ = {
			isa = PBXGroup;
			children = (
				C3642F3D233EBC8200CF3DB9 /* Turismus.app */,
				C35947D2233EC23600DB6AC4 /* Assets.framework */,
				C35947E9233ECB4900DB6AC4 /* UI.framework */,
			);
			name = Products;
			sourceTree = "<group>";
		};
		C3642F3F233EBC8200CF3DB9 /* Base */ = {
			isa = PBXGroup;
			children = (
				C3642F40233EBC8200CF3DB9 /* AppDelegate.swift */,
				C3642F4B233EBC8500CF3DB9 /* LaunchScreen.storyboard */,
				C3642F4E233EBC8500CF3DB9 /* Info.plist */,
			);
			path = Base;
			sourceTree = "<group>";
		};
/* End PBXGroup section */

/* Begin PBXHeadersBuildPhase section */
		C35947CD233EC23600DB6AC4 /* Headers */ = {
			isa = PBXHeadersBuildPhase;
			buildActionMask = 2147483647;
			files = (
				C35947D6233EC23600DB6AC4 /* Assets.h in Headers */,
			);
			runOnlyForDeploymentPostprocessing = 0;
		};
		C35947E4233ECB4900DB6AC4 /* Headers */ = {
			isa = PBXHeadersBuildPhase;
			buildActionMask = 2147483647;
			files = (
				C35947ED233ECB4900DB6AC4 /* UI.h in Headers */,
			);
			runOnlyForDeploymentPostprocessing = 0;
		};
/* End PBXHeadersBuildPhase section */

/* Begin PBXNativeTarget section */
		C35947D1233EC23600DB6AC4 /* Assets */ = {
			isa = PBXNativeTarget;
			buildConfigurationList = C35947DB233EC23600DB6AC4 /* Build configuration list for PBXNativeTarget "Assets" */;
			buildPhases = (
				C35947DF233EC26C00DB6AC4 /* SwiftGen */,
				C35947CD233EC23600DB6AC4 /* Headers */,
				C35947CE233EC23600DB6AC4 /* Sources */,
				C35947CF233EC23600DB6AC4 /* Frameworks */,
				C35947D0233EC23600DB6AC4 /* Resources */,
			);
			buildRules = (
			);
			dependencies = (
			);
			name = Assets;
			productName = Assets;
			productReference = C35947D2233EC23600DB6AC4 /* Assets.framework */;
			productType = "com.apple.product-type.framework";
		};
		C35947E8233ECB4900DB6AC4 /* UI */ = {
			isa = PBXNativeTarget;
			buildConfigurationList = C35947F2233ECB4900DB6AC4 /* Build configuration list for PBXNativeTarget "UI" */;
			buildPhases = (
				C35947E4233ECB4900DB6AC4 /* Headers */,
				C35947E5233ECB4900DB6AC4 /* Sources */,
				C35947E6233ECB4900DB6AC4 /* Frameworks */,
				C35947E7233ECB4900DB6AC4 /* Resources */,
			);
			buildRules = (
			);
			dependencies = (
			);
			name = UI;
			productName = UI;
			productReference = C35947E9233ECB4900DB6AC4 /* UI.framework */;
			productType = "com.apple.product-type.framework";
		};
		C3642F3C233EBC8200CF3DB9 /* Turismus */ = {
			isa = PBXNativeTarget;
			buildConfigurationList = C3642F51233EBC8500CF3DB9 /* Build configuration list for PBXNativeTarget "Turismus" */;
			buildPhases = (
				C33A5C8A233EC01F00AD266D /* SwiftLint */,
				C33A5C8B233EC05F00AD266D /* Carthage */,
				C3642F39233EBC8200CF3DB9 /* Sources */,
				C3642F3A233EBC8200CF3DB9 /* Frameworks */,
				C3642F3B233EBC8200CF3DB9 /* Resources */,
				C35947DE233EC23600DB6AC4 /* Embed Frameworks */,
			);
			buildRules = (
			);
			dependencies = (
				C35947D8233EC23600DB6AC4 /* PBXTargetDependency */,
				C35947EF233ECB4900DB6AC4 /* PBXTargetDependency */,
			);
			name = Turismus;
			productName = Turismus;
			productReference = C3642F3D233EBC8200CF3DB9 /* Turismus.app */;
			productType = "com.apple.product-type.application";
		};
/* End PBXNativeTarget section */

/* Begin PBXProject section */
		C3642F35233EBC8200CF3DB9 /* Project object */ = {
			isa = PBXProject;
			attributes = {
				LastSwiftUpdateCheck = 1100;
				LastUpgradeCheck = 1100;
				ORGANIZATIONNAME = "Nikita Arutyunov";
				TargetAttributes = {
					C35947D1233EC23600DB6AC4 = {
						CreatedOnToolsVersion = 11.0;
						LastSwiftMigration = 1100;
					};
					C35947E8233ECB4900DB6AC4 = {
						CreatedOnToolsVersion = 11.0;
						LastSwiftMigration = 1100;
					};
					C3642F3C233EBC8200CF3DB9 = {
						CreatedOnToolsVersion = 11.0;
					};
				};
			};
			buildConfigurationList = C3642F38233EBC8200CF3DB9 /* Build configuration list for PBXProject "Turismus" */;
			compatibilityVersion = "Xcode 9.3";
			developmentRegion = en;
			hasScannedForEncodings = 0;
			knownRegions = (
				en,
				Base,
			);
			mainGroup = C3642F34233EBC8200CF3DB9;
			productRefGroup = C3642F3E233EBC8200CF3DB9 /* Products */;
			projectDirPath = "";
			projectRoot = "";
			targets = (
				C3642F3C233EBC8200CF3DB9 /* Turismus */,
				C35947D1233EC23600DB6AC4 /* Assets */,
				C35947E8233ECB4900DB6AC4 /* UI */,
			);
		};
/* End PBXProject section */

/* Begin PBXResourcesBuildPhase section */
		C35947D0233EC23600DB6AC4 /* Resources */ = {
			isa = PBXResourcesBuildPhase;
			buildActionMask = 2147483647;
			files = (
				C35947E1233EC30A00DB6AC4 /* Auth.xcassets in Resources */,
			);
			runOnlyForDeploymentPostprocessing = 0;
		};
		C35947E7233ECB4900DB6AC4 /* Resources */ = {
			isa = PBXResourcesBuildPhase;
			buildActionMask = 2147483647;
			files = (
			);
			runOnlyForDeploymentPostprocessing = 0;
		};
		C3642F3B233EBC8200CF3DB9 /* Resources */ = {
			isa = PBXResourcesBuildPhase;
			buildActionMask = 2147483647;
			files = (
				C33A5C91233EC0FF00AD266D /* .swiftlint.yml in Resources */,
				C33A5C93233EC11E00AD266D /* .swiftgen.yml in Resources */,
				C3642F4D233EBC8500CF3DB9 /* LaunchScreen.storyboard in Resources */,
				C33A5C8F233EC0DF00AD266D /* output.xcfilelist in Resources */,
				C33A5C8D233EC0C500AD266D /* input.xcfilelist in Resources */,
			);
			runOnlyForDeploymentPostprocessing = 0;
		};
/* End PBXResourcesBuildPhase section */

/* Begin PBXShellScriptBuildPhase section */
		C33A5C8A233EC01F00AD266D /* SwiftLint */ = {
			isa = PBXShellScriptBuildPhase;
			buildActionMask = 2147483647;
			files = (
			);
			inputFileListPaths = (
			);
			inputPaths = (
			);
			name = SwiftLint;
			outputFileListPaths = (
			);
			outputPaths = (
			);
			runOnlyForDeploymentPostprocessing = 0;
			shellPath = /bin/sh;
			shellScript = "if which swiftlint >/dev/null; then\nswiftlint\nelse\necho \"warning: SwiftLint not installed, download from https://github.com/realm/SwiftLint\"\nfi\n";
		};
		C33A5C8B233EC05F00AD266D /* Carthage */ = {
			isa = PBXShellScriptBuildPhase;
			buildActionMask = 2147483647;
			files = (
			);
			inputFileListPaths = (
				"$(SRCROOT)/input.xcfilelist",
			);
			inputPaths = (
			);
			name = Carthage;
			outputFileListPaths = (
				"$(SRCROOT)/output.xcfilelist",
			);
			outputPaths = (
			);
			runOnlyForDeploymentPostprocessing = 0;
			shellPath = /bin/sh;
			shellScript = "/usr/local/bin/carthage copy-frameworks\n/usr/local/bin/carthage outdated --xcode-warnings | 2>/dev/null\n";
		};
		C35947DF233EC26C00DB6AC4 /* SwiftGen */ = {
			isa = PBXShellScriptBuildPhase;
			buildActionMask = 2147483647;
			files = (
			);
			inputFileListPaths = (
			);
			inputPaths = (
			);
			name = SwiftGen;
			outputFileListPaths = (
			);
			outputPaths = (
			);
			runOnlyForDeploymentPostprocessing = 0;
			shellPath = /bin/sh;
			shellScript = "if which swiftlint >/dev/null; then\nswiftgen config run --config .swiftgen.yml\nelse\necho \"warning: SwiftGen not installed, download from https://github.com/SwiftGen/SwiftGens\"\nfi\n";
		};
/* End PBXShellScriptBuildPhase section */

/* Begin PBXSourcesBuildPhase section */
		C35947CE233EC23600DB6AC4 /* Sources */ = {
			isa = PBXSourcesBuildPhase;
			buildActionMask = 2147483647;
			files = (
				C35947E3233EC3BD00DB6AC4 /* Assets.swift in Sources */,
			);
			runOnlyForDeploymentPostprocessing = 0;
		};
		C35947E5233ECB4900DB6AC4 /* Sources */ = {
			isa = PBXSourcesBuildPhase;
			buildActionMask = 2147483647;
			files = (
				C359489D233F4FB700DB6AC4 /* TargetClosure.swift in Sources */,
				C359489B233F4F5200DB6AC4 /* ButtonDelegate.swift in Sources */,
				C3594882233F192000DB6AC4 /* TextNode.swift in Sources */,
				C35947FD233ECE7500DB6AC4 /* HorizontalStack.swift in Sources */,
				C35947FF233ECEAF00DB6AC4 /* VerticalStack.swift in Sources */,
				C3594885233F199A00DB6AC4 /* TextAttributes.swift in Sources */,
				C35947F6233ECD3A00DB6AC4 /* Shadow.swift in Sources */,
				C35947FB233ECDE400DB6AC4 /* Spacer.swift in Sources */,
				C35408CB233F74DB009F3579 /* KeyboardDelegate.swift in Sources */,
				C3594887233F19DD00DB6AC4 /* TextFieldNode.swift in Sources */,
				C3594897233F4EBD00DB6AC4 /* ButtonNode.swift in Sources */,
				C359488B233F1B4800DB6AC4 /* UIScrollViewDelegate.swift in Sources */,
				C3594802233ECF5600DB6AC4 /* ASDisplayNode.swift in Sources */,
				C35947F8233ECD5B00DB6AC4 /* Border.swift in Sources */,
				C3594889233F1A1400DB6AC4 /* TextFieldNode+ASEditableTextNodeDelegate.swift in Sources */,
			);
			runOnlyForDeploymentPostprocessing = 0;
		};
		C3642F39233EBC8200CF3DB9 /* Sources */ = {
			isa = PBXSourcesBuildPhase;
			buildActionMask = 2147483647;
			files = (
				C359487E233EDC5300DB6AC4 /* AuthController.swift in Sources */,
				C3594891233F229C00DB6AC4 /* AuthNode+Layout.swift in Sources */,
				C359488F233F1DEC00DB6AC4 /* AuthNode.swift in Sources */,
				C3594895233F3EE200DB6AC4 /* AuthSignInNode+Layout.swift in Sources */,
				C3594893233F3DB600DB6AC4 /* AuthSignInNode.swift in Sources */,
				C35408D4233F999B009F3579 /* DiscoverController.swift in Sources */,
				C35408D7233F9D5E009F3579 /* DiscoverNode.swift in Sources */,
				C35408CE233F7575009F3579 /* AuthController+KeyboardDelegate.swift in Sources */,
				C3642F41233EBC8200CF3DB9 /* AppDelegate.swift in Sources */,
				C35408C9233F73CA009F3579 /* ServiceLayer.swift in Sources */,
			);
			runOnlyForDeploymentPostprocessing = 0;
		};
/* End PBXSourcesBuildPhase section */

/* Begin PBXTargetDependency section */
		C35947D8233EC23600DB6AC4 /* PBXTargetDependency */ = {
			isa = PBXTargetDependency;
			target = C35947D1233EC23600DB6AC4 /* Assets */;
			targetProxy = C35947D7233EC23600DB6AC4 /* PBXContainerItemProxy */;
		};
		C35947EF233ECB4900DB6AC4 /* PBXTargetDependency */ = {
			isa = PBXTargetDependency;
			target = C35947E8233ECB4900DB6AC4 /* UI */;
			targetProxy = C35947EE233ECB4900DB6AC4 /* PBXContainerItemProxy */;
		};
/* End PBXTargetDependency section */

/* Begin PBXVariantGroup section */
		C3642F4B233EBC8500CF3DB9 /* LaunchScreen.storyboard */ = {
			isa = PBXVariantGroup;
			children = (
				C3642F4C233EBC8500CF3DB9 /* Base */,
			);
			name = LaunchScreen.storyboard;
			sourceTree = "<group>";
		};
/* End PBXVariantGroup section */

/* Begin XCBuildConfiguration section */
		C35947DC233EC23600DB6AC4 /* Debug */ = {
			isa = XCBuildConfiguration;
			buildSettings = {
				CLANG_ENABLE_MODULES = YES;
				CODE_SIGN_STYLE = Automatic;
				CURRENT_PROJECT_VERSION = 1;
				DEFINES_MODULE = YES;
				DEVELOPMENT_TEAM = WYX37FZQ4V;
				DYLIB_COMPATIBILITY_VERSION = 1;
				DYLIB_CURRENT_VERSION = 1;
				DYLIB_INSTALL_NAME_BASE = "@rpath";
				FRAMEWORK_SEARCH_PATHS = (
					"$(inherited)",
					"$(PROJECT_DIR)/Carthage/Build/iOS",
					"$(PROJECT_DIR)",
				);
				INFOPLIST_FILE = Assets/Info.plist;
				INSTALL_PATH = "$(LOCAL_LIBRARY_DIR)/Frameworks";
				IPHONEOS_DEPLOYMENT_TARGET = 11.0;
				LD_RUNPATH_SEARCH_PATHS = (
					"$(inherited)",
					"@executable_path/Frameworks",
					"@loader_path/Frameworks",
				);
				PRODUCT_BUNDLE_IDENTIFIER = ru.nickaroot.Assets;
				PRODUCT_NAME = "$(TARGET_NAME:c99extidentifier)";
				SKIP_INSTALL = YES;
				SUPPORTS_MACCATALYST = NO;
				SWIFT_OPTIMIZATION_LEVEL = "-Onone";
				SWIFT_VERSION = 5.0;
				TARGETED_DEVICE_FAMILY = 1;
				VERSIONING_SYSTEM = "apple-generic";
				VERSION_INFO_PREFIX = "";
			};
			name = Debug;
		};
		C35947DD233EC23600DB6AC4 /* Release */ = {
			isa = XCBuildConfiguration;
			buildSettings = {
				CLANG_ENABLE_MODULES = YES;
				CODE_SIGN_STYLE = Automatic;
				CURRENT_PROJECT_VERSION = 1;
				DEFINES_MODULE = YES;
				DEVELOPMENT_TEAM = WYX37FZQ4V;
				DYLIB_COMPATIBILITY_VERSION = 1;
				DYLIB_CURRENT_VERSION = 1;
				DYLIB_INSTALL_NAME_BASE = "@rpath";
				FRAMEWORK_SEARCH_PATHS = (
					"$(inherited)",
					"$(PROJECT_DIR)/Carthage/Build/iOS",
					"$(PROJECT_DIR)",
				);
				INFOPLIST_FILE = Assets/Info.plist;
				INSTALL_PATH = "$(LOCAL_LIBRARY_DIR)/Frameworks";
				IPHONEOS_DEPLOYMENT_TARGET = 11.0;
				LD_RUNPATH_SEARCH_PATHS = (
					"$(inherited)",
					"@executable_path/Frameworks",
					"@loader_path/Frameworks",
				);
				PRODUCT_BUNDLE_IDENTIFIER = ru.nickaroot.Assets;
				PRODUCT_NAME = "$(TARGET_NAME:c99extidentifier)";
				SKIP_INSTALL = YES;
				SUPPORTS_MACCATALYST = NO;
				SWIFT_VERSION = 5.0;
				TARGETED_DEVICE_FAMILY = 1;
				VERSIONING_SYSTEM = "apple-generic";
				VERSION_INFO_PREFIX = "";
			};
			name = Release;
		};
		C35947F3233ECB4900DB6AC4 /* Debug */ = {
			isa = XCBuildConfiguration;
			buildSettings = {
				CLANG_ENABLE_MODULES = YES;
				CODE_SIGN_STYLE = Automatic;
				CURRENT_PROJECT_VERSION = 1;
				DEFINES_MODULE = YES;
				DEVELOPMENT_TEAM = WYX37FZQ4V;
				DYLIB_COMPATIBILITY_VERSION = 1;
				DYLIB_CURRENT_VERSION = 1;
				DYLIB_INSTALL_NAME_BASE = "@rpath";
				FRAMEWORK_SEARCH_PATHS = (
					"$(inherited)",
					"$(PROJECT_DIR)/Carthage/Build/iOS",
					"$(PROJECT_DIR)",
				);
				INFOPLIST_FILE = UI/Info.plist;
				INSTALL_PATH = "$(LOCAL_LIBRARY_DIR)/Frameworks";
				IPHONEOS_DEPLOYMENT_TARGET = 11.0;
				LD_RUNPATH_SEARCH_PATHS = (
					"$(inherited)",
					"@executable_path/Frameworks",
					"@loader_path/Frameworks",
				);
				PRODUCT_BUNDLE_IDENTIFIER = ru.nickaroot.UI;
				PRODUCT_NAME = "$(TARGET_NAME:c99extidentifier)";
				SKIP_INSTALL = YES;
				SUPPORTS_MACCATALYST = NO;
				SWIFT_OPTIMIZATION_LEVEL = "-Onone";
				SWIFT_VERSION = 5.0;
				TARGETED_DEVICE_FAMILY = 1;
				VERSIONING_SYSTEM = "apple-generic";
				VERSION_INFO_PREFIX = "";
			};
			name = Debug;
		};
		C35947F4233ECB4900DB6AC4 /* Release */ = {
			isa = XCBuildConfiguration;
			buildSettings = {
				CLANG_ENABLE_MODULES = YES;
				CODE_SIGN_STYLE = Automatic;
				CURRENT_PROJECT_VERSION = 1;
				DEFINES_MODULE = YES;
				DEVELOPMENT_TEAM = WYX37FZQ4V;
				DYLIB_COMPATIBILITY_VERSION = 1;
				DYLIB_CURRENT_VERSION = 1;
				DYLIB_INSTALL_NAME_BASE = "@rpath";
				FRAMEWORK_SEARCH_PATHS = (
					"$(inherited)",
					"$(PROJECT_DIR)/Carthage/Build/iOS",
					"$(PROJECT_DIR)",
				);
				INFOPLIST_FILE = UI/Info.plist;
				INSTALL_PATH = "$(LOCAL_LIBRARY_DIR)/Frameworks";
				IPHONEOS_DEPLOYMENT_TARGET = 11.0;
				LD_RUNPATH_SEARCH_PATHS = (
					"$(inherited)",
					"@executable_path/Frameworks",
					"@loader_path/Frameworks",
				);
				PRODUCT_BUNDLE_IDENTIFIER = ru.nickaroot.UI;
				PRODUCT_NAME = "$(TARGET_NAME:c99extidentifier)";
				SKIP_INSTALL = YES;
				SUPPORTS_MACCATALYST = NO;
				SWIFT_VERSION = 5.0;
				TARGETED_DEVICE_FAMILY = 1;
				VERSIONING_SYSTEM = "apple-generic";
				VERSION_INFO_PREFIX = "";
			};
			name = Release;
		};
		C3642F4F233EBC8500CF3DB9 /* Debug */ = {
			isa = XCBuildConfiguration;
			buildSettings = {
				ALWAYS_SEARCH_USER_PATHS = NO;
				CLANG_ANALYZER_NONNULL = YES;
				CLANG_ANALYZER_NUMBER_OBJECT_CONVERSION = YES_AGGRESSIVE;
				CLANG_CXX_LANGUAGE_STANDARD = "gnu++14";
				CLANG_CXX_LIBRARY = "libc++";
				CLANG_ENABLE_MODULES = YES;
				CLANG_ENABLE_OBJC_ARC = YES;
				CLANG_ENABLE_OBJC_WEAK = YES;
				CLANG_WARN_BLOCK_CAPTURE_AUTORELEASING = YES;
				CLANG_WARN_BOOL_CONVERSION = YES;
				CLANG_WARN_COMMA = YES;
				CLANG_WARN_CONSTANT_CONVERSION = YES;
				CLANG_WARN_DEPRECATED_OBJC_IMPLEMENTATIONS = YES;
				CLANG_WARN_DIRECT_OBJC_ISA_USAGE = YES_ERROR;
				CLANG_WARN_DOCUMENTATION_COMMENTS = YES;
				CLANG_WARN_EMPTY_BODY = YES;
				CLANG_WARN_ENUM_CONVERSION = YES;
				CLANG_WARN_INFINITE_RECURSION = YES;
				CLANG_WARN_INT_CONVERSION = YES;
				CLANG_WARN_NON_LITERAL_NULL_CONVERSION = YES;
				CLANG_WARN_OBJC_IMPLICIT_RETAIN_SELF = YES;
				CLANG_WARN_OBJC_LITERAL_CONVERSION = YES;
				CLANG_WARN_OBJC_ROOT_CLASS = YES_ERROR;
				CLANG_WARN_RANGE_LOOP_ANALYSIS = YES;
				CLANG_WARN_STRICT_PROTOTYPES = YES;
				CLANG_WARN_SUSPICIOUS_MOVE = YES;
				CLANG_WARN_UNGUARDED_AVAILABILITY = YES_AGGRESSIVE;
				CLANG_WARN_UNREACHABLE_CODE = YES;
				CLANG_WARN__DUPLICATE_METHOD_MATCH = YES;
				COPY_PHASE_STRIP = NO;
				DEBUG_INFORMATION_FORMAT = dwarf;
				ENABLE_STRICT_OBJC_MSGSEND = YES;
				ENABLE_TESTABILITY = YES;
				GCC_C_LANGUAGE_STANDARD = gnu11;
				GCC_DYNAMIC_NO_PIC = NO;
				GCC_NO_COMMON_BLOCKS = YES;
				GCC_OPTIMIZATION_LEVEL = 0;
				GCC_PREPROCESSOR_DEFINITIONS = (
					"DEBUG=1",
					"$(inherited)",
				);
				GCC_WARN_64_TO_32_BIT_CONVERSION = YES;
				GCC_WARN_ABOUT_RETURN_TYPE = YES_ERROR;
				GCC_WARN_UNDECLARED_SELECTOR = YES;
				GCC_WARN_UNINITIALIZED_AUTOS = YES_AGGRESSIVE;
				GCC_WARN_UNUSED_FUNCTION = YES;
				GCC_WARN_UNUSED_VARIABLE = YES;
				IPHONEOS_DEPLOYMENT_TARGET = 11.0;
				MTL_ENABLE_DEBUG_INFO = INCLUDE_SOURCE;
				MTL_FAST_MATH = YES;
				ONLY_ACTIVE_ARCH = YES;
				SDKROOT = iphoneos;
				SWIFT_ACTIVE_COMPILATION_CONDITIONS = DEBUG;
				SWIFT_OPTIMIZATION_LEVEL = "-Onone";
			};
			name = Debug;
		};
		C3642F50233EBC8500CF3DB9 /* Release */ = {
			isa = XCBuildConfiguration;
			buildSettings = {
				ALWAYS_SEARCH_USER_PATHS = NO;
				CLANG_ANALYZER_NONNULL = YES;
				CLANG_ANALYZER_NUMBER_OBJECT_CONVERSION = YES_AGGRESSIVE;
				CLANG_CXX_LANGUAGE_STANDARD = "gnu++14";
				CLANG_CXX_LIBRARY = "libc++";
				CLANG_ENABLE_MODULES = YES;
				CLANG_ENABLE_OBJC_ARC = YES;
				CLANG_ENABLE_OBJC_WEAK = YES;
				CLANG_WARN_BLOCK_CAPTURE_AUTORELEASING = YES;
				CLANG_WARN_BOOL_CONVERSION = YES;
				CLANG_WARN_COMMA = YES;
				CLANG_WARN_CONSTANT_CONVERSION = YES;
				CLANG_WARN_DEPRECATED_OBJC_IMPLEMENTATIONS = YES;
				CLANG_WARN_DIRECT_OBJC_ISA_USAGE = YES_ERROR;
				CLANG_WARN_DOCUMENTATION_COMMENTS = YES;
				CLANG_WARN_EMPTY_BODY = YES;
				CLANG_WARN_ENUM_CONVERSION = YES;
				CLANG_WARN_INFINITE_RECURSION = YES;
				CLANG_WARN_INT_CONVERSION = YES;
				CLANG_WARN_NON_LITERAL_NULL_CONVERSION = YES;
				CLANG_WARN_OBJC_IMPLICIT_RETAIN_SELF = YES;
				CLANG_WARN_OBJC_LITERAL_CONVERSION = YES;
				CLANG_WARN_OBJC_ROOT_CLASS = YES_ERROR;
				CLANG_WARN_RANGE_LOOP_ANALYSIS = YES;
				CLANG_WARN_STRICT_PROTOTYPES = YES;
				CLANG_WARN_SUSPICIOUS_MOVE = YES;
				CLANG_WARN_UNGUARDED_AVAILABILITY = YES_AGGRESSIVE;
				CLANG_WARN_UNREACHABLE_CODE = YES;
				CLANG_WARN__DUPLICATE_METHOD_MATCH = YES;
				COPY_PHASE_STRIP = NO;
				DEBUG_INFORMATION_FORMAT = "dwarf-with-dsym";
				ENABLE_NS_ASSERTIONS = NO;
				ENABLE_STRICT_OBJC_MSGSEND = YES;
				GCC_C_LANGUAGE_STANDARD = gnu11;
				GCC_NO_COMMON_BLOCKS = YES;
				GCC_WARN_64_TO_32_BIT_CONVERSION = YES;
				GCC_WARN_ABOUT_RETURN_TYPE = YES_ERROR;
				GCC_WARN_UNDECLARED_SELECTOR = YES;
				GCC_WARN_UNINITIALIZED_AUTOS = YES_AGGRESSIVE;
				GCC_WARN_UNUSED_FUNCTION = YES;
				GCC_WARN_UNUSED_VARIABLE = YES;
				IPHONEOS_DEPLOYMENT_TARGET = 11.0;
				MTL_ENABLE_DEBUG_INFO = NO;
				MTL_FAST_MATH = YES;
				SDKROOT = iphoneos;
				SWIFT_COMPILATION_MODE = wholemodule;
				SWIFT_OPTIMIZATION_LEVEL = "-O";
				VALIDATE_PRODUCT = YES;
			};
			name = Release;
		};
		C3642F52233EBC8500CF3DB9 /* Debug */ = {
			isa = XCBuildConfiguration;
			buildSettings = {
				ALWAYS_EMBED_SWIFT_STANDARD_LIBRARIES = YES;
				CODE_SIGN_STYLE = Automatic;
				DEVELOPMENT_TEAM = WYX37FZQ4V;
				EXCLUDED_RECURSIVE_SEARCH_PATH_SUBDIRECTORIES = "*.nib *.lproj *.framework *.gch *.xcode* *.xcassets (*) .DS_Store CVS .svn .git .hg *.pbproj *.pbxproj";
				FRAMEWORK_SEARCH_PATHS = (
					"$(inherited)",
					"$(PROJECT_DIR)/Carthage/Build/iOS",
					"$(PROJECT_DIR)",
				);
				INFOPLIST_FILE = Base/Info.plist;
				IPHONEOS_DEPLOYMENT_TARGET = 11.0;
				LD_RUNPATH_SEARCH_PATHS = (
					"$(inherited)",
					"@executable_path/Frameworks",
				);
				PRODUCT_BUNDLE_IDENTIFIER = ru.nickaroot.Turismus;
				PRODUCT_NAME = "$(TARGET_NAME)";
				SWIFT_VERSION = 5.0;
				TARGETED_DEVICE_FAMILY = 1;
			};
			name = Debug;
		};
		C3642F53233EBC8500CF3DB9 /* Release */ = {
			isa = XCBuildConfiguration;
			buildSettings = {
				ALWAYS_EMBED_SWIFT_STANDARD_LIBRARIES = YES;
				CODE_SIGN_STYLE = Automatic;
				DEVELOPMENT_TEAM = WYX37FZQ4V;
				EXCLUDED_RECURSIVE_SEARCH_PATH_SUBDIRECTORIES = "*.nib *.lproj *.framework *.gch *.xcode* *.xcassets (*) .DS_Store CVS .svn .git .hg *.pbproj *.pbxproj";
				FRAMEWORK_SEARCH_PATHS = (
					"$(inherited)",
					"$(PROJECT_DIR)/Carthage/Build/iOS",
					"$(PROJECT_DIR)",
				);
				INFOPLIST_FILE = Base/Info.plist;
				IPHONEOS_DEPLOYMENT_TARGET = 11.0;
				LD_RUNPATH_SEARCH_PATHS = (
					"$(inherited)",
					"@executable_path/Frameworks",
				);
				PRODUCT_BUNDLE_IDENTIFIER = ru.nickaroot.Turismus;
				PRODUCT_NAME = "$(TARGET_NAME)";
				SWIFT_VERSION = 5.0;
				TARGETED_DEVICE_FAMILY = 1;
			};
			name = Release;
		};
/* End XCBuildConfiguration section */

/* Begin XCConfigurationList section */
		C35947DB233EC23600DB6AC4 /* Build configuration list for PBXNativeTarget "Assets" */ = {
			isa = XCConfigurationList;
			buildConfigurations = (
				C35947DC233EC23600DB6AC4 /* Debug */,
				C35947DD233EC23600DB6AC4 /* Release */,
			);
			defaultConfigurationIsVisible = 0;
			defaultConfigurationName = Release;
		};
		C35947F2233ECB4900DB6AC4 /* Build configuration list for PBXNativeTarget "UI" */ = {
			isa = XCConfigurationList;
			buildConfigurations = (
				C35947F3233ECB4900DB6AC4 /* Debug */,
				C35947F4233ECB4900DB6AC4 /* Release */,
			);
			defaultConfigurationIsVisible = 0;
			defaultConfigurationName = Release;
		};
		C3642F38233EBC8200CF3DB9 /* Build configuration list for PBXProject "Turismus" */ = {
			isa = XCConfigurationList;
			buildConfigurations = (
				C3642F4F233EBC8500CF3DB9 /* Debug */,
				C3642F50233EBC8500CF3DB9 /* Release */,
			);
			defaultConfigurationIsVisible = 0;
			defaultConfigurationName = Release;
		};
		C3642F51233EBC8500CF3DB9 /* Build configuration list for PBXNativeTarget "Turismus" */ = {
			isa = XCConfigurationList;
			buildConfigurations = (
				C3642F52233EBC8500CF3DB9 /* Debug */,
				C3642F53233EBC8500CF3DB9 /* Release */,
			);
			defaultConfigurationIsVisible = 0;
			defaultConfigurationName = Release;
		};
/* End XCConfigurationList section */
	};
	rootObject = C3642F35233EBC8200CF3DB9 /* Project object */;
}
